
Microsoft Visual Studio Solution File, Format Version 12.00
# Visual Studio Version 16
VisualStudioVersion = 16.0.31702.278
MinimumVisualStudioVersion = 10.0.40219.1
Project("{FAE04EC0-301F-11D3-BF4B-00C04F79EFBC}") = "MARK6", "MARK6\MARK6.csproj", "{35AB20EC-4A09-4015-B63E-9A2C5DDB1AE1}"
EndProject
Global
	GlobalSection(SolutionConfigurationPlatforms) = preSolution
		Debug|Any CPU = Debug|Any CPU
		Release|Any CPU = Release|Any CPU
	EndGlobalSection
	GlobalSection(ProjectConfigurationPlatforms) = postSolution
		{35AB20EC-4A09-4015-B63E-9A2C5DDB1AE1}.Debug|Any CPU.ActiveCfg = Debug|Any CPU
		{35AB20EC-4A09-4015-B63E-9A2C5DDB1AE1}.Debug|Any CPU.Build.0 = Debug|Any CPU
		{35AB20EC-4A09-4015-B63E-9A2C5DDB1AE1}.Release|Any CPU.ActiveCfg = Release|Any CPU
		{35AB20EC-4A09-4015-B63E-9A2C5DDB1AE1}.Release|Any CPU.Build.0 = Release|Any CPU
	EndGlobalSection
	GlobalSection(SolutionProperties) = preSolution
		HideSolutionNode = FALSE
	EndGlobalSection
	GlobalSection(ExtensibilityGlobals) = postSolution
		SolutionGuid = {2C25F8EA-3EC5-4D19-8C5F-30D39A6D77DA}
	EndGlobalSection
EndGlobal
